dependencies:
- name: ocaml-test-node
  repository: file://../ocaml-test-node
  version: 0.0.1
- name: ocaml-test-node
  repository: file://../ocaml-test-node
  version: 0.0.1
- name: rust-test-node
  repository: file://../rust-test-node
  version: 0.0.1
digest: sha256:53de8064ee1edab206f3a112bc82d64d6316dfec5a33305822c9be4e7da8db81
generated: "2023-11-15T21:05:02.976309468+03:00"
