dependencies:
- name: ocaml-test-node
  repository: file://../ocaml-test-node
  version: 0.0.4
- name: ocaml-test-node
  repository: file://../ocaml-test-node
  version: 0.0.4
- name: rust-test-node
  repository: file://../rust-test-node
  version: 0.0.3
digest: sha256:a290cbf97147b3701883f93a4aa70471653f31125a8fefc819e1f9ee798adc8a
generated: "2023-11-17T15:37:03.610122681+03:00"
