dependencies:
- name: ocaml-test-node
  repository: file://../ocaml-test-node
  version: 0.0.3
- name: ocaml-test-node
  repository: file://../ocaml-test-node
  version: 0.0.3
- name: rust-test-node
  repository: file://../rust-test-node
  version: 0.0.2
digest: sha256:f148e6afe2ee14ca4b11d16b27cda5007bd729a5e85a171aca025d0f33ff7a3c
generated: "2023-11-16T16:36:52.585039263+03:00"
